
Microsoft Visual Studio Solution File, Format Version 12.00
# Visual Studio Version 16
VisualStudioVersion = 16.0.31911.196
MinimumVisualStudioVersion = 10.0.40219.1
Project("{8BC9CEB8-8B4A-11D0-8D11-00A0C91BC942}") = "Notes", "Notes.vcxproj", "{49A9082C-AFFE-437D-9201-DEDF8E0801D6}"
EndProject
Global
	GlobalSection(SolutionConfigurationPlatforms) = preSolution
		Debug|x64 = Debug|x64
		Release|x64 = Release|x64
	EndGlobalSection
	GlobalSection(ProjectConfigurationPlatforms) = postSolution
		{49A9082C-AFFE-437D-9201-DEDF8E0801D6}.Debug|x64.ActiveCfg = Debug|x64
		{49A9082C-AFFE-437D-9201-DEDF8E0801D6}.Debug|x64.Build.0 = Debug|x64
		{49A9082C-AFFE-437D-9201-DEDF8E0801D6}.Release|x64.ActiveCfg = Release|x64
		{49A9082C-AFFE-437D-9201-DEDF8E0801D6}.Release|x64.Build.0 = Release|x64
	EndGlobalSection
	GlobalSection(SolutionProperties) = preSolution
		HideSolutionNode = FALSE
	EndGlobalSection
	GlobalSection(ExtensibilityGlobals) = postSolution
		SolutionGuid = {C63794D2-479B-416A-9CFD-47B860F99D52}
	EndGlobalSection
EndGlobal
